
Microsoft Visual Studio Solution File, Format Version 12.00
# Visual Studio Version 16
VisualStudioVersion = 16.0.29926.136
MinimumVisualStudioVersion = 10.0.40219.1
Project("{FAE04EC0-301F-11D3-BF4B-00C04F79EFBC}") = "ConferenceApi", "ConferenceApi.csproj", "{D39230C0-A848-4460-8721-253A05BD09F7}"
EndProject
Project("{FAE04EC0-301F-11D3-BF4B-00C04F79EFBC}") = "ConferenceAPITest", "..\ConferenceAPITest\ConferenceAPITest.csproj", "{C054185B-E63F-4575-81A1-1057A368BDF0}"
EndProject
Global
	GlobalSection(SolutionConfigurationPlatforms) = preSolution
		Debug|Any CPU = Debug|Any CPU
		Release|Any CPU = Release|Any CPU
	EndGlobalSection
	GlobalSection(ProjectConfigurationPlatforms) = postSolution
		{D39230C0-A848-4460-8721-253A05BD09F7}.Debug|Any CPU.ActiveCfg = Debug|Any CPU
		{D39230C0-A848-4460-8721-253A05BD09F7}.Debug|Any CPU.Build.0 = Debug|Any CPU
		{D39230C0-A848-4460-8721-253A05BD09F7}.Release|Any CPU.ActiveCfg = Release|Any CPU
		{D39230C0-A848-4460-8721-253A05BD09F7}.Release|Any CPU.Build.0 = Release|Any CPU
		{C054185B-E63F-4575-81A1-1057A368BDF0}.Debug|Any CPU.ActiveCfg = Debug|Any CPU
		{C054185B-E63F-4575-81A1-1057A368BDF0}.Debug|Any CPU.Build.0 = Debug|Any CPU
		{C054185B-E63F-4575-81A1-1057A368BDF0}.Release|Any CPU.ActiveCfg = Release|Any CPU
		{C054185B-E63F-4575-81A1-1057A368BDF0}.Release|Any CPU.Build.0 = Release|Any CPU
	EndGlobalSection
	GlobalSection(SolutionProperties) = preSolution
		HideSolutionNode = FALSE
	EndGlobalSection
	GlobalSection(ExtensibilityGlobals) = postSolution
		SolutionGuid = {8D947F4D-277D-4C3D-A465-2F5101F29569}
	EndGlobalSection
EndGlobal
